// !$*UTF8*$!
{
	archiveVersion = 1;
	classes = {
	};
	objectVersion = 77;
	objects = {

/* Begin PBXBuildFile section */
		A52EB2862E0D94A100823ACD /* ComposableArchitecture in Frameworks */ = {isa = PBXBuildFile; productRef = A52EB2852E0D94A100823ACD /* ComposableArchitecture */; };
		A543C5D52E154A9D00B85236 /* Networking.framework in Frameworks */ = {isa = PBXBuildFile; fileRef = A543C5CA2E154A9D00B85236 /* Networking.framework */; };
		A543C5DF2E154A9D00B85236 /* Networking.framework in Frameworks */ = {isa = PBXBuildFile; fileRef = A543C5CA2E154A9D00B85236 /* Networking.framework */; };
		A543C5E02E154A9D00B85236 /* Networking.framework in Embed Frameworks */ = {isa = PBXBuildFile; fileRef = A543C5CA2E154A9D00B85236 /* Networking.framework */; settings = {ATTRIBUTES = (CodeSignOnCopy, RemoveHeadersOnCopy, ); }; };
		A543C5EA2E154C1B00B85236 /* Alamofire in Frameworks */ = {isa = PBXBuildFile; productRef = A543C5E92E154C1B00B85236 /* Alamofire */; };
		A543C64B2E15804B00B85236 /* Config.xcconfig in Resources */ = {isa = PBXBuildFile; fileRef = A543C64A2E15804B00B85236 /* Config.xcconfig */; };
		A543C67D2E15A92C00B85236 /* Kingfisher in Frameworks */ = {isa = PBXBuildFile; productRef = A543C67C2E15A92C00B85236 /* Kingfisher */; };
		A543C6822E15ACDD00B85236 /* Kingfisher in Frameworks */ = {isa = PBXBuildFile; productRef = A543C6812E15ACDD00B85236 /* Kingfisher */; };
		A543C6AB2E15D6A200B85236 /* Alamofire in Frameworks */ = {isa = PBXBuildFile; productRef = A543C6AA2E15D6A200B85236 /* Alamofire */; };
		A543C6AD2E15D71300B85236 /* Alamofire in Frameworks */ = {isa = PBXBuildFile; productRef = A543C6AC2E15D71300B85236 /* Alamofire */; };
		A543C6AF2E15D71900B85236 /* Alamofire in Frameworks */ = {isa = PBXBuildFile; productRef = A543C6AE2E15D71900B85236 /* Alamofire */; };
		A543C6B12E15D71F00B85236 /* Alamofire in Frameworks */ = {isa = PBXBuildFile; productRef = A543C6B02E15D71F00B85236 /* Alamofire */; };
/* End PBXBuildFile section */

/* Begin PBXContainerItemProxy section */
		A543C5D62E154A9D00B85236 /* PBXContainerItemProxy */ = {
			isa = PBXContainerItemProxy;
			containerPortal = A58666C72D8925910010486C /* Project object */;
			proxyType = 1;
			remoteGlobalIDString = A543C5C92E154A9D00B85236;
			remoteInfo = Networking;
		};
		A543C5D82E154A9D00B85236 /* PBXContainerItemProxy */ = {
			isa = PBXContainerItemProxy;
			containerPortal = A58666C72D8925910010486C /* Project object */;
			proxyType = 1;
			remoteGlobalIDString = A58666CE2D8925910010486C;
			remoteInfo = Mobile_lab2;
		};
		A543C5DD2E154A9D00B85236 /* PBXContainerItemProxy */ = {
			isa = PBXContainerItemProxy;
			containerPortal = A58666C72D8925910010486C /* Project object */;
			proxyType = 1;
			remoteGlobalIDString = A543C5C92E154A9D00B85236;
			remoteInfo = Networking;
		};
		A58666E02D8925920010486C /* PBXContainerItemProxy */ = {
			isa = PBXContainerItemProxy;
			containerPortal = A58666C72D8925910010486C /* Project object */;
			proxyType = 1;
			remoteGlobalIDString = A58666CE2D8925910010486C;
			remoteInfo = Mobile_lab2;
		};
		A58666EA2D8925920010486C /* PBXContainerItemProxy */ = {
			isa = PBXContainerItemProxy;
			containerPortal = A58666C72D8925910010486C /* Project object */;
			proxyType = 1;
			remoteGlobalIDString = A58666CE2D8925910010486C;
			remoteInfo = Mobile_lab2;
		};
/* End PBXContainerItemProxy section */

/* Begin PBXCopyFilesBuildPhase section */
		A543C5E42E154A9D00B85236 /* Embed Frameworks */ = {
			isa = PBXCopyFilesBuildPhase;
			buildActionMask = 2147483647;
			dstPath = "";
			dstSubfolderSpec = 10;
			files = (
				A543C5E02E154A9D00B85236 /* Networking.framework in Embed Frameworks */,
			);
			name = "Embed Frameworks";
			runOnlyForDeploymentPostprocessing = 0;
		};
/* End PBXCopyFilesBuildPhase section */

/* Begin PBXFileReference section */
		A543C5CA2E154A9D00B85236 /* Networking.framework */ = {isa = PBXFileReference; explicitFileType = wrapper.framework; includeInIndex = 0; path = Networking.framework; sourceTree = BUILT_PRODUCTS_DIR; };
		A543C5D42E154A9D00B85236 /* NetworkingTests.xctest */ = {isa = PBXFileReference; explicitFileType = wrapper.cfbundle; includeInIndex = 0; path = NetworkingTests.xctest; sourceTree = BUILT_PRODUCTS_DIR; };
		A543C64A2E15804B00B85236 /* Config.xcconfig */ = {isa = PBXFileReference; lastKnownFileType = text.xcconfig; name = Config.xcconfig; path = /Users/nikitaskazutin/Downloads/Config.xcconfig; sourceTree = "<absolute>"; };
		A58666CF2D8925910010486C /* Mobile_lab2.app */ = {isa = PBXFileReference; explicitFileType = wrapper.application; includeInIndex = 0; path = Mobile_lab2.app; sourceTree = BUILT_PRODUCTS_DIR; };
		A58666DF2D8925920010486C /* Mobile_lab2Tests.xctest */ = {isa = PBXFileReference; explicitFileType = wrapper.cfbundle; includeInIndex = 0; path = Mobile_lab2Tests.xctest; sourceTree = BUILT_PRODUCTS_DIR; };
		A58666E92D8925920010486C /* Mobile_lab2UITests.xctest */ = {isa = PBXFileReference; explicitFileType = wrapper.cfbundle; includeInIndex = 0; path = Mobile_lab2UITests.xctest; sourceTree = BUILT_PRODUCTS_DIR; };
/* End PBXFileReference section */

/* Begin PBXFileSystemSynchronizedBuildFileExceptionSet section */
		A543C6A62E15D08D00B85236 /* Exceptions for "Networking" folder in "Networking" target */ = {
			isa = PBXFileSystemSynchronizedBuildFileExceptionSet;
			membershipExceptions = (
				Networking.swift,
			);
			target = A543C5C92E154A9D00B85236 /* Networking */;
		};
		A543C6BE2E16684C00B85236 /* Exceptions for "Mobile_lab2" folder in "Mobile_lab2" target */ = {
			isa = PBXFileSystemSynchronizedBuildFileExceptionSet;
			membershipExceptions = (
				Mapping/DomainToUIMapping.swift,
			);
			target = A58666CE2D8925910010486C /* Mobile_lab2 */;
		};
		A57ECF4B2D91DF290016FDFA /* Exceptions for "Mobile_lab2" folder in "Mobile_lab2UITests" target */ = {
			isa = PBXFileSystemSynchronizedBuildFileExceptionSet;
			membershipExceptions = (
				Shared/AccessibilityIdentifiers.swift,
			);
			target = A58666E82D8925920010486C /* Mobile_lab2UITests */;
		};
/* End PBXFileSystemSynchronizedBuildFileExceptionSet section */

/* Begin PBXFileSystemSynchronizedGroupBuildPhaseMembershipExceptionSet section */
		A543C6A72E15D08D00B85236 /* Exceptions for "Networking" folder in "Copy Bundle Resources" phase from "Networking" target */ = {
			isa = PBXFileSystemSynchronizedGroupBuildPhaseMembershipExceptionSet;
			buildPhase = A543C5C82E154A9D00B85236 /* Resources */;
			membershipExceptions = (
				Networking.swift,
			);
		};
		A543C6BF2E16684C00B85236 /* Exceptions for "Mobile_lab2" folder in "Copy Bundle Resources" phase from "Mobile_lab2" target */ = {
			isa = PBXFileSystemSynchronizedGroupBuildPhaseMembershipExceptionSet;
			buildPhase = A58666CD2D8925910010486C /* Resources */;
			membershipExceptions = (
				Mapping/DomainToUIMapping.swift,
			);
		};
/* End PBXFileSystemSynchronizedGroupBuildPhaseMembershipExceptionSet section */

/* Begin PBXFileSystemSynchronizedRootGroup section */
		A543C5CB2E154A9D00B85236 /* Networking */ = {
			isa = PBXFileSystemSynchronizedRootGroup;
			exceptions = (
				A543C6A62E15D08D00B85236 /* Exceptions for "Networking" folder in "Networking" target */,
				A543C6A72E15D08D00B85236 /* Exceptions for "Networking" folder in "Copy Bundle Resources" phase from "Networking" target */,
			);
			path = Networking;
			sourceTree = "<group>";
		};
		A543C5DA2E154A9D00B85236 /* NetworkingTests */ = {
			isa = PBXFileSystemSynchronizedRootGroup;
			path = NetworkingTests;
			sourceTree = "<group>";
		};
		A58666D12D8925910010486C /* Mobile_lab2 */ = {
			isa = PBXFileSystemSynchronizedRootGroup;
			exceptions = (
				A543C6BE2E16684C00B85236 /* Exceptions for "Mobile_lab2" folder in "Mobile_lab2" target */,
				A543C6BF2E16684C00B85236 /* Exceptions for "Mobile_lab2" folder in "Copy Bundle Resources" phase from "Mobile_lab2" target */,
				A57ECF4B2D91DF290016FDFA /* Exceptions for "Mobile_lab2" folder in "Mobile_lab2UITests" target */,
			);
			path = Mobile_lab2;
			sourceTree = "<group>";
		};
		A58666E22D8925920010486C /* Mobile_lab2Tests */ = {
			isa = PBXFileSystemSynchronizedRootGroup;
			path = Mobile_lab2Tests;
			sourceTree = "<group>";
		};
		A58666EC2D8925920010486C /* Mobile_lab2UITests */ = {
			isa = PBXFileSystemSynchronizedRootGroup;
			path = Mobile_lab2UITests;
			sourceTree = "<group>";
		};
/* End PBXFileSystemSynchronizedRootGroup section */

/* Begin PBXFrameworksBuildPhase section */
		A543C5C72E154A9D00B85236 /* Frameworks */ = {
			isa = PBXFrameworksBuildPhase;
			buildActionMask = 2147483647;
			files = (
				A543C67D2E15A92C00B85236 /* Kingfisher in Frameworks */,
				A543C5EA2E154C1B00B85236 /* Alamofire in Frameworks */,
			);
			runOnlyForDeploymentPostprocessing = 0;
		};
		A543C5D12E154A9D00B85236 /* Frameworks */ = {
			isa = PBXFrameworksBuildPhase;
			buildActionMask = 2147483647;
			files = (
				A543C5D52E154A9D00B85236 /* Networking.framework in Frameworks */,
				A543C6B12E15D71F00B85236 /* Alamofire in Frameworks */,
			);
			runOnlyForDeploymentPostprocessing = 0;
		};
		A58666CC2D8925910010486C /* Frameworks */ = {
			isa = PBXFrameworksBuildPhase;
			buildActionMask = 2147483647;
			files = (
				A543C6822E15ACDD00B85236 /* Kingfisher in Frameworks */,
				A543C6AB2E15D6A200B85236 /* Alamofire in Frameworks */,
				A543C5DF2E154A9D00B85236 /* Networking.framework in Frameworks */,
				A52EB2862E0D94A100823ACD /* ComposableArchitecture in Frameworks */,
			);
			runOnlyForDeploymentPostprocessing = 0;
		};
		A58666DC2D8925920010486C /* Frameworks */ = {
			isa = PBXFrameworksBuildPhase;
			buildActionMask = 2147483647;
			files = (
				A543C6AD2E15D71300B85236 /* Alamofire in Frameworks */,
			);
			runOnlyForDeploymentPostprocessing = 0;
		};
		A58666E62D8925920010486C /* Frameworks */ = {
			isa = PBXFrameworksBuildPhase;
			buildActionMask = 2147483647;
			files = (
				A543C6AF2E15D71900B85236 /* Alamofire in Frameworks */,
			);
			runOnlyForDeploymentPostprocessing = 0;
		};
/* End PBXFrameworksBuildPhase section */

/* Begin PBXGroup section */
		A543C6802E15ACDD00B85236 /* Frameworks */ = {
			isa = PBXGroup;
			children = (
			);
			name = Frameworks;
			sourceTree = "<group>";
		};
		A58666C62D8925910010486C = {
			isa = PBXGroup;
			children = (
				A543C64A2E15804B00B85236 /* Config.xcconfig */,
				A58666D12D8925910010486C /* Mobile_lab2 */,
				A58666E22D8925920010486C /* Mobile_lab2Tests */,
				A58666EC2D8925920010486C /* Mobile_lab2UITests */,
				A543C5CB2E154A9D00B85236 /* Networking */,
				A543C5DA2E154A9D00B85236 /* NetworkingTests */,
				A543C6802E15ACDD00B85236 /* Frameworks */,
				A58666D02D8925910010486C /* Products */,
			);
			sourceTree = "<group>";
		};
		A58666D02D8925910010486C /* Products */ = {
			isa = PBXGroup;
			children = (
				A58666CF2D8925910010486C /* Mobile_lab2.app */,
				A58666DF2D8925920010486C /* Mobile_lab2Tests.xctest */,
				A58666E92D8925920010486C /* Mobile_lab2UITests.xctest */,
				A543C5CA2E154A9D00B85236 /* Networking.framework */,
				A543C5D42E154A9D00B85236 /* NetworkingTests.xctest */,
			);
			name = Products;
			sourceTree = "<group>";
		};
/* End PBXGroup section */

/* Begin PBXHeadersBuildPhase section */
		A543C5C52E154A9D00B85236 /* Headers */ = {
			isa = PBXHeadersBuildPhase;
			buildActionMask = 2147483647;
			files = (
			);
			runOnlyForDeploymentPostprocessing = 0;
		};
/* End PBXHeadersBuildPhase section */

/* Begin PBXNativeTarget section */
		A543C5C92E154A9D00B85236 /* Networking */ = {
			isa = PBXNativeTarget;
			buildConfigurationList = A543C5E12E154A9D00B85236 /* Build configuration list for PBXNativeTarget "Networking" */;
			buildPhases = (
				A543C5C52E154A9D00B85236 /* Headers */,
				A543C5C62E154A9D00B85236 /* Sources */,
				A543C5C72E154A9D00B85236 /* Frameworks */,
				A543C5C82E154A9D00B85236 /* Resources */,
			);
			buildRules = (
			);
			dependencies = (
			);
			fileSystemSynchronizedGroups = (
				A543C5CB2E154A9D00B85236 /* Networking */,
			);
			name = Networking;
			packageProductDependencies = (
				A543C5E92E154C1B00B85236 /* Alamofire */,
				A543C67C2E15A92C00B85236 /* Kingfisher */,
			);
			productName = Networking;
			productReference = A543C5CA2E154A9D00B85236 /* Networking.framework */;
			productType = "com.apple.product-type.framework";
		};
		A543C5D32E154A9D00B85236 /* NetworkingTests */ = {
			isa = PBXNativeTarget;
			buildConfigurationList = A543C5E52E154A9D00B85236 /* Build configuration list for PBXNativeTarget "NetworkingTests" */;
			buildPhases = (
				A543C5D02E154A9D00B85236 /* Sources */,
				A543C5D12E154A9D00B85236 /* Frameworks */,
				A543C5D22E154A9D00B85236 /* Resources */,
			);
			buildRules = (
			);
			dependencies = (
				A543C5D72E154A9D00B85236 /* PBXTargetDependency */,
				A543C5D92E154A9D00B85236 /* PBXTargetDependency */,
			);
			fileSystemSynchronizedGroups = (
				A543C5DA2E154A9D00B85236 /* NetworkingTests */,
			);
			name = NetworkingTests;
			packageProductDependencies = (
				A543C6B02E15D71F00B85236 /* Alamofire */,
			);
			productName = NetworkingTests;
			productReference = A543C5D42E154A9D00B85236 /* NetworkingTests.xctest */;
			productType = "com.apple.product-type.bundle.unit-test";
		};
		A58666CE2D8925910010486C /* Mobile_lab2 */ = {
			isa = PBXNativeTarget;
			buildConfigurationList = A58666F32D8925920010486C /* Build configuration list for PBXNativeTarget "Mobile_lab2" */;
			buildPhases = (
				A58666CB2D8925910010486C /* Sources */,
				A58666CC2D8925910010486C /* Frameworks */,
				A58666CD2D8925910010486C /* Resources */,
				A5AC6A192D92839700280C4C /* Run Script */,
				A543C5E42E154A9D00B85236 /* Embed Frameworks */,
			);
			buildRules = (
			);
			dependencies = (
				A543C5DE2E154A9D00B85236 /* PBXTargetDependency */,
			);
			fileSystemSynchronizedGroups = (
				A58666D12D8925910010486C /* Mobile_lab2 */,
			);
			name = Mobile_lab2;
			packageProductDependencies = (
				A52EB2852E0D94A100823ACD /* ComposableArchitecture */,
				A543C6812E15ACDD00B85236 /* Kingfisher */,
				A543C6AA2E15D6A200B85236 /* Alamofire */,
			);
			productName = Mobile_lab2;
			productReference = A58666CF2D8925910010486C /* Mobile_lab2.app */;
			productType = "com.apple.product-type.application";
		};
		A58666DE2D8925920010486C /* Mobile_lab2Tests */ = {
			isa = PBXNativeTarget;
			buildConfigurationList = A58666F62D8925920010486C /* Build configuration list for PBXNativeTarget "Mobile_lab2Tests" */;
			buildPhases = (
				A58666DB2D8925920010486C /* Sources */,
				A58666DC2D8925920010486C /* Frameworks */,
				A58666DD2D8925920010486C /* Resources */,
			);
			buildRules = (
			);
			dependencies = (
				A58666E12D8925920010486C /* PBXTargetDependency */,
			);
			fileSystemSynchronizedGroups = (
				A58666E22D8925920010486C /* Mobile_lab2Tests */,
			);
			name = Mobile_lab2Tests;
			packageProductDependencies = (
				A543C6AC2E15D71300B85236 /* Alamofire */,
			);
			productName = Mobile_lab2Tests;
			productReference = A58666DF2D8925920010486C /* Mobile_lab2Tests.xctest */;
			productType = "com.apple.product-type.bundle.unit-test";
		};
		A58666E82D8925920010486C /* Mobile_lab2UITests */ = {
			isa = PBXNativeTarget;
			buildConfigurationList = A58666F92D8925920010486C /* Build configuration list for PBXNativeTarget "Mobile_lab2UITests" */;
			buildPhases = (
				A58666E52D8925920010486C /* Sources */,
				A58666E62D8925920010486C /* Frameworks */,
				A58666E72D8925920010486C /* Resources */,
			);
			buildRules = (
			);
			dependencies = (
				A58666EB2D8925920010486C /* PBXTargetDependency */,
			);
			fileSystemSynchronizedGroups = (
				A58666EC2D8925920010486C /* Mobile_lab2UITests */,
			);
			name = Mobile_lab2UITests;
			packageProductDependencies = (
				A543C6AE2E15D71900B85236 /* Alamofire */,
			);
			productName = Mobile_lab2UITests;
			productReference = A58666E92D8925920010486C /* Mobile_lab2UITests.xctest */;
			productType = "com.apple.product-type.bundle.ui-testing";
		};
/* End PBXNativeTarget section */

/* Begin PBXProject section */
		A58666C72D8925910010486C /* Project object */ = {
			isa = PBXProject;
			attributes = {
				BuildIndependentTargetsInParallel = 1;
				LastSwiftUpdateCheck = 1630;
				LastUpgradeCheck = 1630;
				TargetAttributes = {
					A543C5C92E154A9D00B85236 = {
						CreatedOnToolsVersion = 16.3;
					};
					A543C5D32E154A9D00B85236 = {
						CreatedOnToolsVersion = 16.3;
						TestTargetID = A58666CE2D8925910010486C;
					};
					A58666CE2D8925910010486C = {
						CreatedOnToolsVersion = 16.2;
					};
					A58666DE2D8925920010486C = {
						CreatedOnToolsVersion = 16.2;
						TestTargetID = A58666CE2D8925910010486C;
					};
					A58666E82D8925920010486C = {
						CreatedOnToolsVersion = 16.2;
						TestTargetID = A58666CE2D8925910010486C;
					};
				};
			};
			buildConfigurationList = A58666CA2D8925910010486C /* Build configuration list for PBXProject "Mobile_lab2" */;
			developmentRegion = ru;
			hasScannedForEncodings = 0;
			knownRegions = (
				en,
				ru,
				Base,
			);
			mainGroup = A58666C62D8925910010486C;
			minimizedProjectReferenceProxies = 1;
			packageReferences = (
				A52EB2842E0D94A100823ACD /* XCRemoteSwiftPackageReference "swift-composable-architecture" */,
				A543C5E82E154C1B00B85236 /* XCRemoteSwiftPackageReference "Alamofire" */,
				A543C67B2E15A92C00B85236 /* XCRemoteSwiftPackageReference "Kingfisher" */,
			);
			preferredProjectObjectVersion = 77;
			productRefGroup = A58666D02D8925910010486C /* Products */;
			projectDirPath = "";
			projectRoot = "";
			targets = (
				A58666CE2D8925910010486C /* Mobile_lab2 */,
				A58666DE2D8925920010486C /* Mobile_lab2Tests */,
				A58666E82D8925920010486C /* Mobile_lab2UITests */,
				A543C5C92E154A9D00B85236 /* Networking */,
				A543C5D32E154A9D00B85236 /* NetworkingTests */,
			);
		};
/* End PBXProject section */

/* Begin PBXResourcesBuildPhase section */
		A543C5C82E154A9D00B85236 /* Resources */ = {
			isa = PBXResourcesBuildPhase;
			buildActionMask = 2147483647;
			files = (
			);
			runOnlyForDeploymentPostprocessing = 0;
		};
		A543C5D22E154A9D00B85236 /* Resources */ = {
			isa = PBXResourcesBuildPhase;
			buildActionMask = 2147483647;
			files = (
			);
			runOnlyForDeploymentPostprocessing = 0;
		};
		A58666CD2D8925910010486C /* Resources */ = {
			isa = PBXResourcesBuildPhase;
			buildActionMask = 2147483647;
			files = (
				A543C64B2E15804B00B85236 /* Config.xcconfig in Resources */,
			);
			runOnlyForDeploymentPostprocessing = 0;
		};
		A58666DD2D8925920010486C /* Resources */ = {
			isa = PBXResourcesBuildPhase;
			buildActionMask = 2147483647;
			files = (
			);
			runOnlyForDeploymentPostprocessing = 0;
		};
		A58666E72D8925920010486C /* Resources */ = {
			isa = PBXResourcesBuildPhase;
			buildActionMask = 2147483647;
			files = (
			);
			runOnlyForDeploymentPostprocessing = 0;
		};
/* End PBXResourcesBuildPhase section */

/* Begin PBXShellScriptBuildPhase section */
		A5AC6A192D92839700280C4C /* Run Script */ = {
			isa = PBXShellScriptBuildPhase;
			alwaysOutOfDate = 1;
			buildActionMask = 2147483647;
			files = (
			);
			inputFileListPaths = (
			);
			inputPaths = (
			);
			name = "Run Script";
			outputFileListPaths = (
			);
			outputPaths = (
			);
			runOnlyForDeploymentPostprocessing = 0;
			shellPath = /bin/sh;
			shellScript = "if [[ \"$(uname -m)\" == arm64 ]]\nthen\n    export PATH=\"/opt/homebrew/bin:$PATH\"\nfi\n\nif command -v swiftlint >/dev/null 2>&1\nthen\n    swiftlint lint --config swiftlint.yml \nelse\n    echo \"warning: `swiftlint` command not found - See https://github.com/realm/SwiftLint#installation for installation instructions.\"\nfi\n";
		};
/* End PBXShellScriptBuildPhase section */

/* Begin PBXSourcesBuildPhase section */
		A543C5C62E154A9D00B85236 /* Sources */ = {
			isa = PBXSourcesBuildPhase;
			buildActionMask = 2147483647;
			files = (
			);
			runOnlyForDeploymentPostprocessing = 0;
		};
		A543C5D02E154A9D00B85236 /* Sources */ = {
			isa = PBXSourcesBuildPhase;
			buildActionMask = 2147483647;
			files = (
			);
			runOnlyForDeploymentPostprocessing = 0;
		};
		A58666CB2D8925910010486C /* Sources */ = {
			isa = PBXSourcesBuildPhase;
			buildActionMask = 2147483647;
			files = (
			);
			runOnlyForDeploymentPostprocessing = 0;
		};
		A58666DB2D8925920010486C /* Sources */ = {
			isa = PBXSourcesBuildPhase;
			buildActionMask = 2147483647;
			files = (
			);
			runOnlyForDeploymentPostprocessing = 0;
		};
		A58666E52D8925920010486C /* Sources */ = {
			isa = PBXSourcesBuildPhase;
			buildActionMask = 2147483647;
			files = (
			);
			runOnlyForDeploymentPostprocessing = 0;
		};
/* End PBXSourcesBuildPhase section */

/* Begin PBXTargetDependency section */
		A543C5D72E154A9D00B85236 /* PBXTargetDependency */ = {
			isa = PBXTargetDependency;
			target = A543C5C92E154A9D00B85236 /* Networking */;
			targetProxy = A543C5D62E154A9D00B85236 /* PBXContainerItemProxy */;
		};
		A543C5D92E154A9D00B85236 /* PBXTargetDependency */ = {
			isa = PBXTargetDependency;
			target = A58666CE2D8925910010486C /* Mobile_lab2 */;
			targetProxy = A543C5D82E154A9D00B85236 /* PBXContainerItemProxy */;
		};
		A543C5DE2E154A9D00B85236 /* PBXTargetDependency */ = {
			isa = PBXTargetDependency;
			target = A543C5C92E154A9D00B85236 /* Networking */;
			targetProxy = A543C5DD2E154A9D00B85236 /* PBXContainerItemProxy */;
		};
		A58666E12D8925920010486C /* PBXTargetDependency */ = {
			isa = PBXTargetDependency;
			target = A58666CE2D8925910010486C /* Mobile_lab2 */;
			targetProxy = A58666E02D8925920010486C /* PBXContainerItemProxy */;
		};
		A58666EB2D8925920010486C /* PBXTargetDependency */ = {
			isa = PBXTargetDependency;
			target = A58666CE2D8925910010486C /* Mobile_lab2 */;
			targetProxy = A58666EA2D8925920010486C /* PBXContainerItemProxy */;
		};
/* End PBXTargetDependency section */

/* Begin XCBuildConfiguration section */
		A543C5E22E154A9D00B85236 /* Debug */ = {
			isa = XCBuildConfiguration;
			buildSettings = {
				BUILD_LIBRARY_FOR_DISTRIBUTION = NO;
				CODE_SIGN_STYLE = Automatic;
				CURRENT_PROJECT_VERSION = 1;
				DYLIB_COMPATIBILITY_VERSION = 1;
				DYLIB_CURRENT_VERSION = 1;
				DYLIB_INSTALL_NAME_BASE = "@rpath";
				ENABLE_MODULE_VERIFIER = YES;
				GENERATE_INFOPLIST_FILE = YES;
				INFOPLIST_KEY_NSHumanReadableCopyright = "";
				INSTALL_PATH = "$(LOCAL_LIBRARY_DIR)/Frameworks";
				IPHONEOS_DEPLOYMENT_TARGET = 16.6;
				LD_RUNPATH_SEARCH_PATHS = (
					"$(inherited)",
					"@executable_path/Frameworks",
					"@loader_path/Frameworks",
				);
				MARKETING_VERSION = 1.0;
				MODULE_VERIFIER_SUPPORTED_LANGUAGES = "objective-c objective-c++";
				MODULE_VERIFIER_SUPPORTED_LANGUAGE_STANDARDS = "gnu17 gnu++20";
				PRODUCT_BUNDLE_IDENTIFIER = hits.Networking;
				PRODUCT_NAME = "$(TARGET_NAME:c99extidentifier)";
				SKIP_INSTALL = YES;
				SWIFT_EMIT_LOC_STRINGS = YES;
				SWIFT_INSTALL_MODULE = YES;
				SWIFT_INSTALL_OBJC_HEADER = NO;
				SWIFT_VERSION = 5.0;
				TARGETED_DEVICE_FAMILY = "1,2";
				VERSIONING_SYSTEM = "apple-generic";
				VERSION_INFO_PREFIX = "";
			};
			name = Debug;
		};
		A543C5E32E154A9D00B85236 /* Release */ = {
			isa = XCBuildConfiguration;
			buildSettings = {
				BUILD_LIBRARY_FOR_DISTRIBUTION = NO;
				CODE_SIGN_STYLE = Automatic;
				CURRENT_PROJECT_VERSION = 1;
				DYLIB_COMPATIBILITY_VERSION = 1;
				DYLIB_CURRENT_VERSION = 1;
				DYLIB_INSTALL_NAME_BASE = "@rpath";
				ENABLE_MODULE_VERIFIER = YES;
				GENERATE_INFOPLIST_FILE = YES;
				INFOPLIST_KEY_NSHumanReadableCopyright = "";
				INSTALL_PATH = "$(LOCAL_LIBRARY_DIR)/Frameworks";
				IPHONEOS_DEPLOYMENT_TARGET = 16.6;
				LD_RUNPATH_SEARCH_PATHS = (
					"$(inherited)",
					"@executable_path/Frameworks",
					"@loader_path/Frameworks",
				);
				MARKETING_VERSION = 1.0;
				MODULE_VERIFIER_SUPPORTED_LANGUAGES = "objective-c objective-c++";
				MODULE_VERIFIER_SUPPORTED_LANGUAGE_STANDARDS = "gnu17 gnu++20";
				PRODUCT_BUNDLE_IDENTIFIER = hits.Networking;
				PRODUCT_NAME = "$(TARGET_NAME:c99extidentifier)";
				SKIP_INSTALL = YES;
				SWIFT_EMIT_LOC_STRINGS = YES;
				SWIFT_INSTALL_MODULE = YES;
				SWIFT_INSTALL_OBJC_HEADER = NO;
				SWIFT_VERSION = 5.0;
				TARGETED_DEVICE_FAMILY = "1,2";
				VERSIONING_SYSTEM = "apple-generic";
				VERSION_INFO_PREFIX = "";
			};
			name = Release;
		};
		A543C5E62E154A9D00B85236 /* Debug */ = {
			isa = XCBuildConfiguration;
			buildSettings = {
				CODE_SIGN_STYLE = Automatic;
				CURRENT_PROJECT_VERSION = 1;
				DEVELOPMENT_TEAM = QN79D4T9G3;
				GENERATE_INFOPLIST_FILE = YES;
				IPHONEOS_DEPLOYMENT_TARGET = 18.4;
				MARKETING_VERSION = 1.0;
				PRODUCT_BUNDLE_IDENTIFIER = hits.NetworkingTests;
				PRODUCT_NAME = "$(TARGET_NAME)";
				SWIFT_EMIT_LOC_STRINGS = NO;
				SWIFT_VERSION = 5.0;
				TARGETED_DEVICE_FAMILY = "1,2";
				TEST_HOST = "$(BUILT_PRODUCTS_DIR)/Mobile_lab2.app/$(BUNDLE_EXECUTABLE_FOLDER_PATH)/Mobile_lab2";
			};
			name = Debug;
		};
		A543C5E72E154A9D00B85236 /* Release */ = {
			isa = XCBuildConfiguration;
			buildSettings = {
				CODE_SIGN_STYLE = Automatic;
				CURRENT_PROJECT_VERSION = 1;
				DEVELOPMENT_TEAM = QN79D4T9G3;
				GENERATE_INFOPLIST_FILE = YES;
				IPHONEOS_DEPLOYMENT_TARGET = 18.4;
				MARKETING_VERSION = 1.0;
				PRODUCT_BUNDLE_IDENTIFIER = hits.NetworkingTests;
				PRODUCT_NAME = "$(TARGET_NAME)";
				SWIFT_EMIT_LOC_STRINGS = NO;
				SWIFT_VERSION = 5.0;
				TARGETED_DEVICE_FAMILY = "1,2";
				TEST_HOST = "$(BUILT_PRODUCTS_DIR)/Mobile_lab2.app/$(BUNDLE_EXECUTABLE_FOLDER_PATH)/Mobile_lab2";
			};
			name = Release;
		};
		A58666F12D8925920010486C /* Debug */ = {
			isa = XCBuildConfiguration;
			buildSettings = {
				ALWAYS_SEARCH_USER_PATHS = NO;
				ASSETCATALOG_COMPILER_GENERATE_SWIFT_ASSET_SYMBOL_EXTENSIONS = YES;
				CLANG_ANALYZER_LOCALIZABILITY_NONLOCALIZED = YES;
				CLANG_ANALYZER_NONNULL = YES;
				CLANG_ANALYZER_NUMBER_OBJECT_CONVERSION = YES_AGGRESSIVE;
				CLANG_CXX_LANGUAGE_STANDARD = "gnu++20";
				CLANG_ENABLE_MODULES = YES;
				CLANG_ENABLE_OBJC_ARC = YES;
				CLANG_ENABLE_OBJC_WEAK = YES;
				CLANG_WARN_BLOCK_CAPTURE_AUTORELEASING = YES;
				CLANG_WARN_BOOL_CONVERSION = YES;
				CLANG_WARN_COMMA = YES;
				CLANG_WARN_CONSTANT_CONVERSION = YES;
				CLANG_WARN_DEPRECATED_OBJC_IMPLEMENTATIONS = YES;
				CLANG_WARN_DIRECT_OBJC_ISA_USAGE = YES_ERROR;
				CLANG_WARN_DOCUMENTATION_COMMENTS = YES;
				CLANG_WARN_EMPTY_BODY = YES;
				CLANG_WARN_ENUM_CONVERSION = YES;
				CLANG_WARN_INFINITE_RECURSION = YES;
				CLANG_WARN_INT_CONVERSION = YES;
				CLANG_WARN_NON_LITERAL_NULL_CONVERSION = YES;
				CLANG_WARN_OBJC_IMPLICIT_RETAIN_SELF = YES;
				CLANG_WARN_OBJC_LITERAL_CONVERSION = YES;
				CLANG_WARN_OBJC_ROOT_CLASS = YES_ERROR;
				CLANG_WARN_QUOTED_INCLUDE_IN_FRAMEWORK_HEADER = YES;
				CLANG_WARN_RANGE_LOOP_ANALYSIS = YES;
				CLANG_WARN_STRICT_PROTOTYPES = YES;
				CLANG_WARN_SUSPICIOUS_MOVE = YES;
				CLANG_WARN_UNGUARDED_AVAILABILITY = YES_AGGRESSIVE;
				CLANG_WARN_UNREACHABLE_CODE = YES;
				CLANG_WARN__DUPLICATE_METHOD_MATCH = YES;
				COPY_PHASE_STRIP = NO;
				DEBUG_INFORMATION_FORMAT = dwarf;
				DEVELOPMENT_TEAM = QN79D4T9G3;
				ENABLE_STRICT_OBJC_MSGSEND = YES;
				ENABLE_TESTABILITY = YES;
				ENABLE_USER_SCRIPT_SANDBOXING = YES;
				GCC_C_LANGUAGE_STANDARD = gnu17;
				GCC_DYNAMIC_NO_PIC = NO;
				GCC_NO_COMMON_BLOCKS = YES;
				GCC_OPTIMIZATION_LEVEL = 0;
				GCC_PREPROCESSOR_DEFINITIONS = (
					"DEBUG=1",
					"$(inherited)",
				);
				GCC_WARN_64_TO_32_BIT_CONVERSION = YES;
				GCC_WARN_ABOUT_RETURN_TYPE = YES_ERROR;
				GCC_WARN_UNDECLARED_SELECTOR = YES;
				GCC_WARN_UNINITIALIZED_AUTOS = YES_AGGRESSIVE;
				GCC_WARN_UNUSED_FUNCTION = YES;
				GCC_WARN_UNUSED_VARIABLE = YES;
				INFOPLIST_KEY_UIRequiresFullScreen = YES;
				IPHONEOS_DEPLOYMENT_TARGET = 18.2;
				LOCALIZATION_PREFERS_STRING_CATALOGS = YES;
				MTL_ENABLE_DEBUG_INFO = INCLUDE_SOURCE;
				MTL_FAST_MATH = YES;
				ONLY_ACTIVE_ARCH = YES;
				SDKROOT = iphoneos;
				SWIFT_ACTIVE_COMPILATION_CONDITIONS = "DEBUG $(inherited)";
				SWIFT_OPTIMIZATION_LEVEL = "-Onone";
			};
			name = Debug;
		};
		A58666F22D8925920010486C /* Release */ = {
			isa = XCBuildConfiguration;
			buildSettings = {
				ALWAYS_SEARCH_USER_PATHS = NO;
				ASSETCATALOG_COMPILER_GENERATE_SWIFT_ASSET_SYMBOL_EXTENSIONS = YES;
				CLANG_ANALYZER_LOCALIZABILITY_NONLOCALIZED = YES;
				CLANG_ANALYZER_NONNULL = YES;
				CLANG_ANALYZER_NUMBER_OBJECT_CONVERSION = YES_AGGRESSIVE;
				CLANG_CXX_LANGUAGE_STANDARD = "gnu++20";
				CLANG_ENABLE_MODULES = YES;
				CLANG_ENABLE_OBJC_ARC = YES;
				CLANG_ENABLE_OBJC_WEAK = YES;
				CLANG_WARN_BLOCK_CAPTURE_AUTORELEASING = YES;
				CLANG_WARN_BOOL_CONVERSION = YES;
				CLANG_WARN_COMMA = YES;
				CLANG_WARN_CONSTANT_CONVERSION = YES;
				CLANG_WARN_DEPRECATED_OBJC_IMPLEMENTATIONS = YES;
				CLANG_WARN_DIRECT_OBJC_ISA_USAGE = YES_ERROR;
				CLANG_WARN_DOCUMENTATION_COMMENTS = YES;
				CLANG_WARN_EMPTY_BODY = YES;
				CLANG_WARN_ENUM_CONVERSION = YES;
				CLANG_WARN_INFINITE_RECURSION = YES;
				CLANG_WARN_INT_CONVERSION = YES;
				CLANG_WARN_NON_LITERAL_NULL_CONVERSION = YES;
				CLANG_WARN_OBJC_IMPLICIT_RETAIN_SELF = YES;
				CLANG_WARN_OBJC_LITERAL_CONVERSION = YES;
				CLANG_WARN_OBJC_ROOT_CLASS = YES_ERROR;
				CLANG_WARN_QUOTED_INCLUDE_IN_FRAMEWORK_HEADER = YES;
				CLANG_WARN_RANGE_LOOP_ANALYSIS = YES;
				CLANG_WARN_STRICT_PROTOTYPES = YES;
				CLANG_WARN_SUSPICIOUS_MOVE = YES;
				CLANG_WARN_UNGUARDED_AVAILABILITY = YES_AGGRESSIVE;
				CLANG_WARN_UNREACHABLE_CODE = YES;
				CLANG_WARN__DUPLICATE_METHOD_MATCH = YES;
				COPY_PHASE_STRIP = NO;
				DEBUG_INFORMATION_FORMAT = "dwarf-with-dsym";
				DEVELOPMENT_TEAM = QN79D4T9G3;
				ENABLE_NS_ASSERTIONS = NO;
				ENABLE_STRICT_OBJC_MSGSEND = YES;
				ENABLE_USER_SCRIPT_SANDBOXING = YES;
				GCC_C_LANGUAGE_STANDARD = gnu17;
				GCC_NO_COMMON_BLOCKS = YES;
				GCC_WARN_64_TO_32_BIT_CONVERSION = YES;
				GCC_WARN_ABOUT_RETURN_TYPE = YES_ERROR;
				GCC_WARN_UNDECLARED_SELECTOR = YES;
				GCC_WARN_UNINITIALIZED_AUTOS = YES_AGGRESSIVE;
				GCC_WARN_UNUSED_FUNCTION = YES;
				GCC_WARN_UNUSED_VARIABLE = YES;
				INFOPLIST_KEY_UIRequiresFullScreen = YES;
				IPHONEOS_DEPLOYMENT_TARGET = 18.2;
				LOCALIZATION_PREFERS_STRING_CATALOGS = YES;
				MTL_ENABLE_DEBUG_INFO = NO;
				MTL_FAST_MATH = YES;
				SDKROOT = iphoneos;
				SWIFT_COMPILATION_MODE = wholemodule;
				VALIDATE_PRODUCT = YES;
			};
			name = Release;
		};
		A58666F42D8925920010486C /* Debug */ = {
			isa = XCBuildConfiguration;
			buildSettings = {
				ASSETCATALOG_COMPILER_APPICON_NAME = AppIcon;
				ASSETCATALOG_COMPILER_GLOBAL_ACCENT_COLOR_NAME = AccentColor;
				CODE_SIGN_STYLE = Automatic;
				CURRENT_PROJECT_VERSION = 1;
				DEFINES_MODULE = YES;
				DEVELOPMENT_ASSET_PATHS = "\"Mobile_lab2/Preview Content\"";
				ENABLE_MODULE_VERIFIER = YES;
				ENABLE_PREVIEWS = YES;
				ENABLE_USER_SCRIPT_SANDBOXING = NO;
				GENERATE_INFOPLIST_FILE = YES;
				INFOPLIST_FILE = "Mobile-lab2-Info.plist";
				INFOPLIST_KEY_LSApplicationCategoryType = "public.app-category.education";
				INFOPLIST_KEY_UIApplicationSceneManifest_Generation = YES;
				INFOPLIST_KEY_UIApplicationSupportsIndirectInputEvents = YES;
				INFOPLIST_KEY_UILaunchScreen_Generation = YES;
				INFOPLIST_KEY_UISupportedInterfaceOrientations = UIInterfaceOrientationPortrait;
				IPHONEOS_DEPLOYMENT_TARGET = 16.6;
				LD_RUNPATH_SEARCH_PATHS = (
					"$(inherited)",
					"@executable_path/Frameworks",
				);
				MARKETING_VERSION = 1.0;
				MODULE_VERIFIER_SUPPORTED_LANGUAGE_STANDARDS = "gnu17 gnu++20";
				PRODUCT_BUNDLE_IDENTIFIER = "boo.Mobile-lab2";
				PRODUCT_NAME = "$(TARGET_NAME)";
				SWIFT_EMIT_LOC_STRINGS = YES;
				SWIFT_VERSION = 6.0;
				TARGETED_DEVICE_FAMILY = "1,2";
			};
			name = Debug;
		};
		A58666F52D8925920010486C /* Release */ = {
			isa = XCBuildConfiguration;
			buildSettings = {
				ASSETCATALOG_COMPILER_APPICON_NAME = AppIcon;
				ASSETCATALOG_COMPILER_GLOBAL_ACCENT_COLOR_NAME = AccentColor;
				CODE_SIGN_STYLE = Automatic;
				CURRENT_PROJECT_VERSION = 1;
				DEFINES_MODULE = YES;
				DEVELOPMENT_ASSET_PATHS = "\"Mobile_lab2/Preview Content\"";
				ENABLE_MODULE_VERIFIER = YES;
				ENABLE_PREVIEWS = YES;
				ENABLE_USER_SCRIPT_SANDBOXING = NO;
				GENERATE_INFOPLIST_FILE = YES;
				INFOPLIST_FILE = "Mobile-lab2-Info.plist";
				INFOPLIST_KEY_LSApplicationCategoryType = "public.app-category.education";
				INFOPLIST_KEY_UIApplicationSceneManifest_Generation = YES;
				INFOPLIST_KEY_UIApplicationSupportsIndirectInputEvents = YES;
				INFOPLIST_KEY_UILaunchScreen_Generation = YES;
				INFOPLIST_KEY_UISupportedInterfaceOrientations = UIInterfaceOrientationPortrait;
				IPHONEOS_DEPLOYMENT_TARGET = 16.6;
				LD_RUNPATH_SEARCH_PATHS = (
					"$(inherited)",
					"@executable_path/Frameworks",
				);
				MARKETING_VERSION = 1.0;
				MODULE_VERIFIER_SUPPORTED_LANGUAGE_STANDARDS = "gnu17 gnu++20";
				PRODUCT_BUNDLE_IDENTIFIER = "boo.Mobile-lab2";
				PRODUCT_NAME = "$(TARGET_NAME)";
				SWIFT_EMIT_LOC_STRINGS = YES;
				SWIFT_VERSION = 6.0;
				TARGETED_DEVICE_FAMILY = "1,2";
			};
			name = Release;
		};
		A58666F72D8925920010486C /* Debug */ = {
			isa = XCBuildConfiguration;
			buildSettings = {
				BUNDLE_LOADER = "$(TEST_HOST)";
				CODE_SIGN_STYLE = Automatic;
				CURRENT_PROJECT_VERSION = 1;
				GENERATE_INFOPLIST_FILE = YES;
				IPHONEOS_DEPLOYMENT_TARGET = 18.2;
				MARKETING_VERSION = 1.0;
				PRODUCT_BUNDLE_IDENTIFIER = "boo.Mobile-lab2Tests";
				PRODUCT_NAME = "$(TARGET_NAME)";
				SWIFT_EMIT_LOC_STRINGS = NO;
				SWIFT_VERSION = 5.0;
				TARGETED_DEVICE_FAMILY = "1,2";
				TEST_HOST = "$(BUILT_PRODUCTS_DIR)/Mobile_lab2.app/$(BUNDLE_EXECUTABLE_FOLDER_PATH)/Mobile_lab2";
			};
			name = Debug;
		};
		A58666F82D8925920010486C /* Release */ = {
			isa = XCBuildConfiguration;
			buildSettings = {
				BUNDLE_LOADER = "$(TEST_HOST)";
				CODE_SIGN_STYLE = Automatic;
				CURRENT_PROJECT_VERSION = 1;
				GENERATE_INFOPLIST_FILE = YES;
				IPHONEOS_DEPLOYMENT_TARGET = 18.2;
				MARKETING_VERSION = 1.0;
				PRODUCT_BUNDLE_IDENTIFIER = "boo.Mobile-lab2Tests";
				PRODUCT_NAME = "$(TARGET_NAME)";
				SWIFT_EMIT_LOC_STRINGS = NO;
				SWIFT_VERSION = 5.0;
				TARGETED_DEVICE_FAMILY = "1,2";
				TEST_HOST = "$(BUILT_PRODUCTS_DIR)/Mobile_lab2.app/$(BUNDLE_EXECUTABLE_FOLDER_PATH)/Mobile_lab2";
			};
			name = Release;
		};
		A58666FA2D8925920010486C /* Debug */ = {
			isa = XCBuildConfiguration;
			buildSettings = {
				CODE_SIGN_STYLE = Automatic;
				CURRENT_PROJECT_VERSION = 1;
				GENERATE_INFOPLIST_FILE = YES;
				MARKETING_VERSION = 1.0;
				PRODUCT_BUNDLE_IDENTIFIER = "boo.Mobile-lab2UITests";
				PRODUCT_NAME = "$(TARGET_NAME)";
				SWIFT_EMIT_LOC_STRINGS = NO;
				SWIFT_VERSION = 5.0;
				TARGETED_DEVICE_FAMILY = "1,2";
				TEST_TARGET_NAME = Mobile_lab2;
			};
			name = Debug;
		};
		A58666FB2D8925920010486C /* Release */ = {
			isa = XCBuildConfiguration;
			buildSettings = {
				CODE_SIGN_STYLE = Automatic;
				CURRENT_PROJECT_VERSION = 1;
				GENERATE_INFOPLIST_FILE = YES;
				MARKETING_VERSION = 1.0;
				PRODUCT_BUNDLE_IDENTIFIER = "boo.Mobile-lab2UITests";
				PRODUCT_NAME = "$(TARGET_NAME)";
				SWIFT_EMIT_LOC_STRINGS = NO;
				SWIFT_VERSION = 5.0;
				TARGETED_DEVICE_FAMILY = "1,2";
				TEST_TARGET_NAME = Mobile_lab2;
			};
			name = Release;
		};
/* End XCBuildConfiguration section */

/* Begin XCConfigurationList section */
		A543C5E12E154A9D00B85236 /* Build configuration list for PBXNativeTarget "Networking" */ = {
			isa = XCConfigurationList;
			buildConfigurations = (
				A543C5E22E154A9D00B85236 /* Debug */,
				A543C5E32E154A9D00B85236 /* Release */,
			);
			defaultConfigurationIsVisible = 0;
			defaultConfigurationName = Release;
		};
		A543C5E52E154A9D00B85236 /* Build configuration list for PBXNativeTarget "NetworkingTests" */ = {
			isa = XCConfigurationList;
			buildConfigurations = (
				A543C5E62E154A9D00B85236 /* Debug */,
				A543C5E72E154A9D00B85236 /* Release */,
			);
			defaultConfigurationIsVisible = 0;
			defaultConfigurationName = Release;
		};
		A58666CA2D8925910010486C /* Build configuration list for PBXProject "Mobile_lab2" */ = {
			isa = XCConfigurationList;
			buildConfigurations = (
				A58666F12D8925920010486C /* Debug */,
				A58666F22D8925920010486C /* Release */,
			);
			defaultConfigurationIsVisible = 0;
			defaultConfigurationName = Release;
		};
		A58666F32D8925920010486C /* Build configuration list for PBXNativeTarget "Mobile_lab2" */ = {
			isa = XCConfigurationList;
			buildConfigurations = (
				A58666F42D8925920010486C /* Debug */,
				A58666F52D8925920010486C /* Release */,
			);
			defaultConfigurationIsVisible = 0;
			defaultConfigurationName = Release;
		};
		A58666F62D8925920010486C /* Build configuration list for PBXNativeTarget "Mobile_lab2Tests" */ = {
			isa = XCConfigurationList;
			buildConfigurations = (
				A58666F72D8925920010486C /* Debug */,
				A58666F82D8925920010486C /* Release */,
			);
			defaultConfigurationIsVisible = 0;
			defaultConfigurationName = Release;
		};
		A58666F92D8925920010486C /* Build configuration list for PBXNativeTarget "Mobile_lab2UITests" */ = {
			isa = XCConfigurationList;
			buildConfigurations = (
				A58666FA2D8925920010486C /* Debug */,
				A58666FB2D8925920010486C /* Release */,
			);
			defaultConfigurationIsVisible = 0;
			defaultConfigurationName = Release;
		};
/* End XCConfigurationList section */

/* Begin XCRemoteSwiftPackageReference section */
		A52EB2842E0D94A100823ACD /* XCRemoteSwiftPackageReference "swift-composable-architecture" */ = {
			isa = XCRemoteSwiftPackageReference;
			repositoryURL = "https://github.com/pointfreeco/swift-composable-architecture";
			requirement = {
				kind = upToNextMajorVersion;
				minimumVersion = 1.20.2;
			};
		};
		A543C5E82E154C1B00B85236 /* XCRemoteSwiftPackageReference "Alamofire" */ = {
			isa = XCRemoteSwiftPackageReference;
			repositoryURL = "https://github.com/Alamofire/Alamofire.git";
			requirement = {
				kind = upToNextMajorVersion;
				minimumVersion = 5.10.2;
			};
		};
		A543C67B2E15A92C00B85236 /* XCRemoteSwiftPackageReference "Kingfisher" */ = {
			isa = XCRemoteSwiftPackageReference;
			repositoryURL = "https://github.com/onevcat/Kingfisher.git";
			requirement = {
				kind = upToNextMajorVersion;
				minimumVersion = 8.3.3;
			};
		};
/* End XCRemoteSwiftPackageReference section */

/* Begin XCSwiftPackageProductDependency section */
		A52EB2852E0D94A100823ACD /* ComposableArchitecture */ = {
			isa = XCSwiftPackageProductDependency;
			package = A52EB2842E0D94A100823ACD /* XCRemoteSwiftPackageReference "swift-composable-architecture" */;
			productName = ComposableArchitecture;
		};
		A543C5E92E154C1B00B85236 /* Alamofire */ = {
			isa = XCSwiftPackageProductDependency;
			package = A543C5E82E154C1B00B85236 /* XCRemoteSwiftPackageReference "Alamofire" */;
			productName = Alamofire;
		};
		A543C67C2E15A92C00B85236 /* Kingfisher */ = {
			isa = XCSwiftPackageProductDependency;
			package = A543C67B2E15A92C00B85236 /* XCRemoteSwiftPackageReference "Kingfisher" */;
			productName = Kingfisher;
		};
		A543C6812E15ACDD00B85236 /* Kingfisher */ = {
			isa = XCSwiftPackageProductDependency;
			package = A543C67B2E15A92C00B85236 /* XCRemoteSwiftPackageReference "Kingfisher" */;
			productName = Kingfisher;
		};
		A543C6AA2E15D6A200B85236 /* Alamofire */ = {
			isa = XCSwiftPackageProductDependency;
			package = A543C5E82E154C1B00B85236 /* XCRemoteSwiftPackageReference "Alamofire" */;
			productName = Alamofire;
		};
		A543C6AC2E15D71300B85236 /* Alamofire */ = {
			isa = XCSwiftPackageProductDependency;
			package = A543C5E82E154C1B00B85236 /* XCRemoteSwiftPackageReference "Alamofire" */;
			productName = Alamofire;
		};
		A543C6AE2E15D71900B85236 /* Alamofire */ = {
			isa = XCSwiftPackageProductDependency;
			package = A543C5E82E154C1B00B85236 /* XCRemoteSwiftPackageReference "Alamofire" */;
			productName = Alamofire;
		};
		A543C6B02E15D71F00B85236 /* Alamofire */ = {
			isa = XCSwiftPackageProductDependency;
			package = A543C5E82E154C1B00B85236 /* XCRemoteSwiftPackageReference "Alamofire" */;
			productName = Alamofire;
		};
/* End XCSwiftPackageProductDependency section */
	};
	rootObject = A58666C72D8925910010486C /* Project object */;
}
